
Microsoft Visual Studio Solution File, Format Version 12.00
# Visual Studio 14
VisualStudioVersion = 14.0.25420.1
MinimumVisualStudioVersion = 10.0.40219.1
Project("{FAE04EC0-301F-11D3-BF4B-00C04F79EFBC}") = "Enlighten", "Enlighten\Enlighten.csproj", "{9882B855-C756-4F9E-A11E-ACF12CCF5FA1}"
EndProject
Project("{FAE04EC0-301F-11D3-BF4B-00C04F79EFBC}") = "Enlighten.Tests", "Enlighten.Tests\Enlighten.Tests.csproj", "{C8A6E382-2207-42C5-A165-A068AD64E158}"
EndProject
Global
	GlobalSection(SolutionConfigurationPlatforms) = preSolution
		Debug|Any CPU = Debug|Any CPU
		Release|Any CPU = Release|Any CPU
	EndGlobalSection
	GlobalSection(ProjectConfigurationPlatforms) = postSolution
		{9882B855-C756-4F9E-A11E-ACF12CCF5FA1}.Debug|Any CPU.ActiveCfg = Debug|Any CPU
		{9882B855-C756-4F9E-A11E-ACF12CCF5FA1}.Debug|Any CPU.Build.0 = Debug|Any CPU
		{9882B855-C756-4F9E-A11E-ACF12CCF5FA1}.Release|Any CPU.ActiveCfg = Release|Any CPU
		{9882B855-C756-4F9E-A11E-ACF12CCF5FA1}.Release|Any CPU.Build.0 = Release|Any CPU
		{C8A6E382-2207-42C5-A165-A068AD64E158}.Debug|Any CPU.ActiveCfg = Debug|Any CPU
		{C8A6E382-2207-42C5-A165-A068AD64E158}.Debug|Any CPU.Build.0 = Debug|Any CPU
		{C8A6E382-2207-42C5-A165-A068AD64E158}.Release|Any CPU.ActiveCfg = Release|Any CPU
		{C8A6E382-2207-42C5-A165-A068AD64E158}.Release|Any CPU.Build.0 = Release|Any CPU
	EndGlobalSection
	GlobalSection(SolutionProperties) = preSolution
		HideSolutionNode = FALSE
	EndGlobalSection
EndGlobal
